
Microsoft Visual Studio Solution File, Format Version 12.00
# Visual Studio Version 17
VisualStudioVersion = 17.8.34330.188
MinimumVisualStudioVersion = 10.0.40219.1
Project("{FAE04EC0-301F-11D3-BF4B-00C04F79EFBC}") = "demoClasses", "demoClasses.csproj", "{75E0D0FF-72C0-4034-BBBF-27ED50E775A3}"
EndProject
Global
	GlobalSection(SolutionConfigurationPlatforms) = preSolution
		Debug|Any CPU = Debug|Any CPU
		Release|Any CPU = Release|Any CPU
	EndGlobalSection
	GlobalSection(ProjectConfigurationPlatforms) = postSolution
		{75E0D0FF-72C0-4034-BBBF-27ED50E775A3}.Debug|Any CPU.ActiveCfg = Debug|Any CPU
		{75E0D0FF-72C0-4034-BBBF-27ED50E775A3}.Debug|Any CPU.Build.0 = Debug|Any CPU
		{75E0D0FF-72C0-4034-BBBF-27ED50E775A3}.Release|Any CPU.ActiveCfg = Release|Any CPU
		{75E0D0FF-72C0-4034-BBBF-27ED50E775A3}.Release|Any CPU.Build.0 = Release|Any CPU
	EndGlobalSection
	GlobalSection(SolutionProperties) = preSolution
		HideSolutionNode = FALSE
	EndGlobalSection
	GlobalSection(ExtensibilityGlobals) = postSolution
		SolutionGuid = {1DA155AB-7FD7-4A7F-B3B8-06107EA4356C}
	EndGlobalSection
EndGlobal
