
Microsoft Visual Studio Solution File, Format Version 12.00
# Visual Studio Version 17
VisualStudioVersion = 17.8.34330.188
MinimumVisualStudioVersion = 10.0.40219.1
Project("{FAE04EC0-301F-11D3-BF4B-00C04F79EFBC}") = "ForLoops", "ForLoops.csproj", "{35BA6908-CF1E-410E-9E35-D272A592612C}"
EndProject
Global
	GlobalSection(SolutionConfigurationPlatforms) = preSolution
		Debug|Any CPU = Debug|Any CPU
		Release|Any CPU = Release|Any CPU
	EndGlobalSection
	GlobalSection(ProjectConfigurationPlatforms) = postSolution
		{35BA6908-CF1E-410E-9E35-D272A592612C}.Debug|Any CPU.ActiveCfg = Debug|Any CPU
		{35BA6908-CF1E-410E-9E35-D272A592612C}.Debug|Any CPU.Build.0 = Debug|Any CPU
		{35BA6908-CF1E-410E-9E35-D272A592612C}.Release|Any CPU.ActiveCfg = Release|Any CPU
		{35BA6908-CF1E-410E-9E35-D272A592612C}.Release|Any CPU.Build.0 = Release|Any CPU
	EndGlobalSection
	GlobalSection(SolutionProperties) = preSolution
		HideSolutionNode = FALSE
	EndGlobalSection
	GlobalSection(ExtensibilityGlobals) = postSolution
		SolutionGuid = {4CB59AAF-A9AA-4918-A22E-391F3012E374}
	EndGlobalSection
EndGlobal
